
Microsoft Visual Studio Solution File, Format Version 12.00
# Visual Studio Version 17
VisualStudioVersion = 17.1.32127.271
MinimumVisualStudioVersion = 10.0.40219.1
Project("{9A19103F-16F7-4668-BE54-9A1E7A4F7556}") = "HarryPotter.Games.UI.Console", "HarryPotter.Games.UI.Console\HarryPotter.Games.UI.Console.csproj", "{47D77246-2A02-44CF-A65D-F771435884DB}"
EndProject
Project("{9A19103F-16F7-4668-BE54-9A1E7A4F7556}") = "HarryPotter.Games.UI.Console2", "HarryPotter.Games.UI.Console2\HarryPotter.Games.UI.Console2.csproj", "{712C670D-EACA-48B6-B02A-FF2E4CF470DA}"
EndProject
Project("{2150E333-8FDC-42A3-9474-1A3956D46DE8}") = "Libs", "Libs", "{3FD37716-86C5-4F19-BA84-188A9321A82E}"
EndProject
Project("{2150E333-8FDC-42A3-9474-1A3956D46DE8}") = "UI", "UI", "{00503CFA-8E34-4BFA-B09E-A5E2FABD4C34}"
EndProject
Project("{9A19103F-16F7-4668-BE54-9A1E7A4F7556}") = "HarryPotter.Games.Core", "HarryPotter.Games.Core\HarryPotter.Games.Core.csproj", "{57D3FE5B-69E1-4CCC-8189-BDFFB36F36F4}"
EndProject
Project("{FAE04EC0-301F-11D3-BF4B-00C04F79EFBC}") = "HarryPotter.Games.Core.Interfaces", "HarryPotter.Games.Core.Interfaces\HarryPotter.Games.Core.Interfaces.csproj", "{9C112429-DF1D-48FF-A030-71F6893D4F64}"
EndProject
Project("{2150E333-8FDC-42A3-9474-1A3956D46DE8}") = "Interfaces", "Interfaces", "{C1CF9E78-C0D6-4445-9DD2-139DA21461D2}"
EndProject
Project("{FAE04EC0-301F-11D3-BF4B-00C04F79EFBC}") = "HarryPotter.Games.Core.Models", "HarryPotter.Games.Core.Models\HarryPotter.Games.Core.Models.csproj", "{69A25074-B2F2-457B-8E7F-A6C60D3AE6A5}"
EndProject
Project("{2150E333-8FDC-42A3-9474-1A3956D46DE8}") = "Framework", "Framework", "{E805EAEA-AF46-4FD1-96F5-6E35BC564EEC}"
EndProject
Global
	GlobalSection(SolutionConfigurationPlatforms) = preSolution
		Debug|Any CPU = Debug|Any CPU
		Release|Any CPU = Release|Any CPU
	EndGlobalSection
	GlobalSection(ProjectConfigurationPlatforms) = postSolution
		{47D77246-2A02-44CF-A65D-F771435884DB}.Debug|Any CPU.ActiveCfg = Debug|Any CPU
		{47D77246-2A02-44CF-A65D-F771435884DB}.Debug|Any CPU.Build.0 = Debug|Any CPU
		{47D77246-2A02-44CF-A65D-F771435884DB}.Release|Any CPU.ActiveCfg = Release|Any CPU
		{47D77246-2A02-44CF-A65D-F771435884DB}.Release|Any CPU.Build.0 = Release|Any CPU
		{712C670D-EACA-48B6-B02A-FF2E4CF470DA}.Debug|Any CPU.ActiveCfg = Debug|Any CPU
		{712C670D-EACA-48B6-B02A-FF2E4CF470DA}.Debug|Any CPU.Build.0 = Debug|Any CPU
		{712C670D-EACA-48B6-B02A-FF2E4CF470DA}.Release|Any CPU.ActiveCfg = Release|Any CPU
		{712C670D-EACA-48B6-B02A-FF2E4CF470DA}.Release|Any CPU.Build.0 = Release|Any CPU
		{57D3FE5B-69E1-4CCC-8189-BDFFB36F36F4}.Debug|Any CPU.ActiveCfg = Debug|Any CPU
		{57D3FE5B-69E1-4CCC-8189-BDFFB36F36F4}.Debug|Any CPU.Build.0 = Debug|Any CPU
		{57D3FE5B-69E1-4CCC-8189-BDFFB36F36F4}.Release|Any CPU.ActiveCfg = Release|Any CPU
		{57D3FE5B-69E1-4CCC-8189-BDFFB36F36F4}.Release|Any CPU.Build.0 = Release|Any CPU
		{9C112429-DF1D-48FF-A030-71F6893D4F64}.Debug|Any CPU.ActiveCfg = Debug|Any CPU
		{9C112429-DF1D-48FF-A030-71F6893D4F64}.Debug|Any CPU.Build.0 = Debug|Any CPU
		{9C112429-DF1D-48FF-A030-71F6893D4F64}.Release|Any CPU.ActiveCfg = Release|Any CPU
		{9C112429-DF1D-48FF-A030-71F6893D4F64}.Release|Any CPU.Build.0 = Release|Any CPU
		{69A25074-B2F2-457B-8E7F-A6C60D3AE6A5}.Debug|Any CPU.ActiveCfg = Debug|Any CPU
		{69A25074-B2F2-457B-8E7F-A6C60D3AE6A5}.Debug|Any CPU.Build.0 = Debug|Any CPU
		{69A25074-B2F2-457B-8E7F-A6C60D3AE6A5}.Release|Any CPU.ActiveCfg = Release|Any CPU
		{69A25074-B2F2-457B-8E7F-A6C60D3AE6A5}.Release|Any CPU.Build.0 = Release|Any CPU
	EndGlobalSection
	GlobalSection(SolutionProperties) = preSolution
		HideSolutionNode = FALSE
	EndGlobalSection
	GlobalSection(NestedProjects) = preSolution
		{47D77246-2A02-44CF-A65D-F771435884DB} = {00503CFA-8E34-4BFA-B09E-A5E2FABD4C34}
		{712C670D-EACA-48B6-B02A-FF2E4CF470DA} = {00503CFA-8E34-4BFA-B09E-A5E2FABD4C34}
		{57D3FE5B-69E1-4CCC-8189-BDFFB36F36F4} = {3FD37716-86C5-4F19-BA84-188A9321A82E}
		{9C112429-DF1D-48FF-A030-71F6893D4F64} = {C1CF9E78-C0D6-4445-9DD2-139DA21461D2}
		{C1CF9E78-C0D6-4445-9DD2-139DA21461D2} = {E805EAEA-AF46-4FD1-96F5-6E35BC564EEC}
		{69A25074-B2F2-457B-8E7F-A6C60D3AE6A5} = {E805EAEA-AF46-4FD1-96F5-6E35BC564EEC}
		{E805EAEA-AF46-4FD1-96F5-6E35BC564EEC} = {3FD37716-86C5-4F19-BA84-188A9321A82E}
	EndGlobalSection
	GlobalSection(ExtensibilityGlobals) = postSolution
		SolutionGuid = {9F1E44BE-2CC7-46C1-AF45-BD4B66DC7015}
	EndGlobalSection
EndGlobal
